
Microsoft Visual Studio Solution File, Format Version 12.00
# Visual Studio Version 16
VisualStudioVersion = 16.0.29709.97
MinimumVisualStudioVersion = 10.0.40219.1
Project("{9A19103F-16F7-4668-BE54-9A1E7A4F7556}") = "DeliverySystem.Service", "DeliverySystem.Service\DeliverySystem.Service.csproj", "{88F572DE-34A7-46F6-AA51-1412347F9EA7}"
EndProject
Project("{9A19103F-16F7-4668-BE54-9A1E7A4F7556}") = "DeliverySystem.Data", "DeliverySystem.Data\DeliverySystem.Data.csproj", "{8B3DC1BB-1262-4954-9B83-D2DCBCA2131C}"
EndProject
Project("{FAE04EC0-301F-11D3-BF4B-00C04F79EFBC}") = "DeliverySystem.Web", "DeliverySystem.Web\DeliverySystem.Web.csproj", "{19DAC91A-A2DB-4A17-AF4D-42EF7A4F8801}"
EndProject
Global
	GlobalSection(SolutionConfigurationPlatforms) = preSolution
		Debug|Any CPU = Debug|Any CPU
		Release|Any CPU = Release|Any CPU
	EndGlobalSection
	GlobalSection(ProjectConfigurationPlatforms) = postSolution
		{88F572DE-34A7-46F6-AA51-1412347F9EA7}.Debug|Any CPU.ActiveCfg = Debug|Any CPU
		{88F572DE-34A7-46F6-AA51-1412347F9EA7}.Debug|Any CPU.Build.0 = Debug|Any CPU
		{88F572DE-34A7-46F6-AA51-1412347F9EA7}.Release|Any CPU.ActiveCfg = Release|Any CPU
		{88F572DE-34A7-46F6-AA51-1412347F9EA7}.Release|Any CPU.Build.0 = Release|Any CPU
		{8B3DC1BB-1262-4954-9B83-D2DCBCA2131C}.Debug|Any CPU.ActiveCfg = Debug|Any CPU
		{8B3DC1BB-1262-4954-9B83-D2DCBCA2131C}.Debug|Any CPU.Build.0 = Debug|Any CPU
		{8B3DC1BB-1262-4954-9B83-D2DCBCA2131C}.Release|Any CPU.ActiveCfg = Release|Any CPU
		{8B3DC1BB-1262-4954-9B83-D2DCBCA2131C}.Release|Any CPU.Build.0 = Release|Any CPU
		{19DAC91A-A2DB-4A17-AF4D-42EF7A4F8801}.Debug|Any CPU.ActiveCfg = Debug|Any CPU
		{19DAC91A-A2DB-4A17-AF4D-42EF7A4F8801}.Debug|Any CPU.Build.0 = Debug|Any CPU
		{19DAC91A-A2DB-4A17-AF4D-42EF7A4F8801}.Release|Any CPU.ActiveCfg = Release|Any CPU
		{19DAC91A-A2DB-4A17-AF4D-42EF7A4F8801}.Release|Any CPU.Build.0 = Release|Any CPU
	EndGlobalSection
	GlobalSection(SolutionProperties) = preSolution
		HideSolutionNode = FALSE
	EndGlobalSection
	GlobalSection(ExtensibilityGlobals) = postSolution
		SolutionGuid = {256CE674-5837-4A57-8D80-6C1DA8D888EB}
	EndGlobalSection
EndGlobal
